
Microsoft Visual Studio Solution File, Format Version 12.00
# Visual Studio Version 17
VisualStudioVersion = 17.6.33815.320
MinimumVisualStudioVersion = 10.0.40219.1
Project("{FAE04EC0-301F-11D3-BF4B-00C04F79EFBC}") = "JsonFile", "JsonFile\JsonFile.csproj", "{8095DF79-D59D-4511-A013-50FECAFC7431}"
EndProject
Project("{2150E333-8FDC-42A3-9474-1A3956D46DE8}") = "Data", "Data", "{C54E414D-37A6-458A-9C09-F518C43B2B86}"
	ProjectSection(SolutionItems) = preProject
		data.json = data.json
	EndProjectSection
EndProject
Global
	GlobalSection(SolutionConfigurationPlatforms) = preSolution
		Debug|Any CPU = Debug|Any CPU
		Release|Any CPU = Release|Any CPU
	EndGlobalSection
	GlobalSection(ProjectConfigurationPlatforms) = postSolution
		{8095DF79-D59D-4511-A013-50FECAFC7431}.Debug|Any CPU.ActiveCfg = Debug|Any CPU
		{8095DF79-D59D-4511-A013-50FECAFC7431}.Debug|Any CPU.Build.0 = Debug|Any CPU
		{8095DF79-D59D-4511-A013-50FECAFC7431}.Release|Any CPU.ActiveCfg = Release|Any CPU
		{8095DF79-D59D-4511-A013-50FECAFC7431}.Release|Any CPU.Build.0 = Release|Any CPU
	EndGlobalSection
	GlobalSection(SolutionProperties) = preSolution
		HideSolutionNode = FALSE
	EndGlobalSection
	GlobalSection(ExtensibilityGlobals) = postSolution
		SolutionGuid = {66C83D59-AC0F-4884-93B1-D40238BC3E37}
	EndGlobalSection
EndGlobal
